
Microsoft Visual Studio Solution File, Format Version 12.00
# Visual Studio 15
VisualStudioVersion = 15.0.27130.2010
MinimumVisualStudioVersion = 10.0.40219.1
Project("{FAE04EC0-301F-11D3-BF4B-00C04F79EFBC}") = "CoreCompat.Asn1Net.Reader", "CoreCompat.Asn1Net.Reader\CoreCompat.Asn1Net.Reader.csproj", "{1CD4EC21-A60C-41C6-8015-7B78A2D808B6}"
EndProject
Project("{FAE04EC0-301F-11D3-BF4B-00C04F79EFBC}") = "CoreCompat.Tests", "CoreCompat.Tests\CoreCompat.Tests.csproj", "{CC949A42-E893-409C-8522-38E290488014}"
EndProject
Global
	GlobalSection(SolutionConfigurationPlatforms) = preSolution
		Debug|Any CPU = Debug|Any CPU
		Release|Any CPU = Release|Any CPU
	EndGlobalSection
	GlobalSection(ProjectConfigurationPlatforms) = postSolution
		{1CD4EC21-A60C-41C6-8015-7B78A2D808B6}.Debug|Any CPU.ActiveCfg = Debug|Any CPU
		{1CD4EC21-A60C-41C6-8015-7B78A2D808B6}.Debug|Any CPU.Build.0 = Debug|Any CPU
		{1CD4EC21-A60C-41C6-8015-7B78A2D808B6}.Release|Any CPU.ActiveCfg = Release|Any CPU
		{1CD4EC21-A60C-41C6-8015-7B78A2D808B6}.Release|Any CPU.Build.0 = Release|Any CPU
		{CC949A42-E893-409C-8522-38E290488014}.Debug|Any CPU.ActiveCfg = Debug|Any CPU
		{CC949A42-E893-409C-8522-38E290488014}.Debug|Any CPU.Build.0 = Debug|Any CPU
		{CC949A42-E893-409C-8522-38E290488014}.Release|Any CPU.ActiveCfg = Release|Any CPU
		{CC949A42-E893-409C-8522-38E290488014}.Release|Any CPU.Build.0 = Release|Any CPU
	EndGlobalSection
	GlobalSection(SolutionProperties) = preSolution
		HideSolutionNode = FALSE
	EndGlobalSection
	GlobalSection(ExtensibilityGlobals) = postSolution
		SolutionGuid = {BBE2D07E-1FAC-4B7C-9100-2EA802FA45E3}
	EndGlobalSection
EndGlobal
